
Microsoft Visual Studio Solution File, Format Version 12.00
# Visual Studio 15
VisualStudioVersion = 15.0.27703.2026
MinimumVisualStudioVersion = 10.0.40219.1
Project("{F184B08F-C81C-45F6-A57F-5ABD9991F28F}") = "Demag_HUB", "Demag_HUB\Demag_HUB.vbproj", "{7A96E462-6EBF-4962-AE9D-27593C3B3499}"
EndProject
Global
	GlobalSection(SolutionConfigurationPlatforms) = preSolution
		Debug|Any CPU = Debug|Any CPU
		Release|Any CPU = Release|Any CPU
	EndGlobalSection
	GlobalSection(ProjectConfigurationPlatforms) = postSolution
		{7A96E462-6EBF-4962-AE9D-27593C3B3499}.Debug|Any CPU.ActiveCfg = Debug|Any CPU
		{7A96E462-6EBF-4962-AE9D-27593C3B3499}.Debug|Any CPU.Build.0 = Debug|Any CPU
		{7A96E462-6EBF-4962-AE9D-27593C3B3499}.Release|Any CPU.ActiveCfg = Release|Any CPU
		{7A96E462-6EBF-4962-AE9D-27593C3B3499}.Release|Any CPU.Build.0 = Release|Any CPU
	EndGlobalSection
	GlobalSection(SolutionProperties) = preSolution
		HideSolutionNode = FALSE
	EndGlobalSection
	GlobalSection(ExtensibilityGlobals) = postSolution
		SolutionGuid = {979254BC-A44D-4675-96AE-E434324B8023}
	EndGlobalSection
EndGlobal
